
Microsoft Visual Studio Solution File, Format Version 12.00
# Visual Studio Version 17
VisualStudioVersion = 17.13.35919.96 d17.13
MinimumVisualStudioVersion = 10.0.40219.1
Project("{FAE04EC0-301F-11D3-BF4B-00C04F79EFBC}") = "Exercício 15", "Exercício 15.csproj", "{EB57D5C9-8F97-4141-9979-EC8F497BF266}"
EndProject
Global
	GlobalSection(SolutionConfigurationPlatforms) = preSolution
		Debug|Any CPU = Debug|Any CPU
		Release|Any CPU = Release|Any CPU
	EndGlobalSection
	GlobalSection(ProjectConfigurationPlatforms) = postSolution
		{EB57D5C9-8F97-4141-9979-EC8F497BF266}.Debug|Any CPU.ActiveCfg = Debug|Any CPU
		{EB57D5C9-8F97-4141-9979-EC8F497BF266}.Debug|Any CPU.Build.0 = Debug|Any CPU
		{EB57D5C9-8F97-4141-9979-EC8F497BF266}.Release|Any CPU.ActiveCfg = Release|Any CPU
		{EB57D5C9-8F97-4141-9979-EC8F497BF266}.Release|Any CPU.Build.0 = Release|Any CPU
	EndGlobalSection
	GlobalSection(SolutionProperties) = preSolution
		HideSolutionNode = FALSE
	EndGlobalSection
	GlobalSection(ExtensibilityGlobals) = postSolution
		SolutionGuid = {12BD7E74-B07B-43E6-B270-A2E697A2ADD8}
	EndGlobalSection
EndGlobal
