
Microsoft Visual Studio Solution File, Format Version 12.00
# Visual Studio Version 17
VisualStudioVersion = 17.13.35919.96 d17.13
MinimumVisualStudioVersion = 10.0.40219.1
Project("{FAE04EC0-301F-11D3-BF4B-00C04F79EFBC}") = "Exercício 02", "Exercício 02.csproj", "{9464C10C-EC56-4978-92C6-19CBE99A4D1D}"
EndProject
Global
	GlobalSection(SolutionConfigurationPlatforms) = preSolution
		Debug|Any CPU = Debug|Any CPU
		Release|Any CPU = Release|Any CPU
	EndGlobalSection
	GlobalSection(ProjectConfigurationPlatforms) = postSolution
		{9464C10C-EC56-4978-92C6-19CBE99A4D1D}.Debug|Any CPU.ActiveCfg = Debug|Any CPU
		{9464C10C-EC56-4978-92C6-19CBE99A4D1D}.Debug|Any CPU.Build.0 = Debug|Any CPU
		{9464C10C-EC56-4978-92C6-19CBE99A4D1D}.Release|Any CPU.ActiveCfg = Release|Any CPU
		{9464C10C-EC56-4978-92C6-19CBE99A4D1D}.Release|Any CPU.Build.0 = Release|Any CPU
	EndGlobalSection
	GlobalSection(SolutionProperties) = preSolution
		HideSolutionNode = FALSE
	EndGlobalSection
	GlobalSection(ExtensibilityGlobals) = postSolution
		SolutionGuid = {5D586208-C4E9-429C-A90A-97FF8A21C0BF}
	EndGlobalSection
EndGlobal
