
Microsoft Visual Studio Solution File, Format Version 12.00
# Visual Studio Version 17
VisualStudioVersion = 17.13.35919.96 d17.13
MinimumVisualStudioVersion = 10.0.40219.1
Project("{FAE04EC0-301F-11D3-BF4B-00C04F79EFBC}") = "Exercício 10", "Exercício 10.csproj", "{398E5CBE-373C-4312-9AB8-9134367A3E30}"
EndProject
Global
	GlobalSection(SolutionConfigurationPlatforms) = preSolution
		Debug|Any CPU = Debug|Any CPU
		Release|Any CPU = Release|Any CPU
	EndGlobalSection
	GlobalSection(ProjectConfigurationPlatforms) = postSolution
		{398E5CBE-373C-4312-9AB8-9134367A3E30}.Debug|Any CPU.ActiveCfg = Debug|Any CPU
		{398E5CBE-373C-4312-9AB8-9134367A3E30}.Debug|Any CPU.Build.0 = Debug|Any CPU
		{398E5CBE-373C-4312-9AB8-9134367A3E30}.Release|Any CPU.ActiveCfg = Release|Any CPU
		{398E5CBE-373C-4312-9AB8-9134367A3E30}.Release|Any CPU.Build.0 = Release|Any CPU
	EndGlobalSection
	GlobalSection(SolutionProperties) = preSolution
		HideSolutionNode = FALSE
	EndGlobalSection
	GlobalSection(ExtensibilityGlobals) = postSolution
		SolutionGuid = {BF742EF8-6006-49AF-BC4B-D3BFC923796F}
	EndGlobalSection
EndGlobal
